// !$*UTF8*$!
{
	archiveVersion = 1;
	classes = {
	};
	objectVersion = 46;
	objects = {

/* Begin PBXBuildFile section */
		CD176E64229653AC00282568 /* GameManager.swift in Sources */ = {isa = PBXBuildFile; fileRef = CD176E63229653AC00282568 /* GameManager.swift */; };
		CD6B0811228D1BC800324EC8 /* AppDelegate.swift in Sources */ = {isa = PBXBuildFile; fileRef = CD6B0810228D1BC800324EC8 /* AppDelegate.swift */; };
		CD6B0813228D1BC800324EC8 /* GameScene.sks in Resources */ = {isa = PBXBuildFile; fileRef = CD6B0812228D1BC800324EC8 /* GameScene.sks */; };
		CD6B0817228D1BC800324EC8 /* GameScene.swift in Sources */ = {isa = PBXBuildFile; fileRef = CD6B0816228D1BC800324EC8 /* GameScene.swift */; };
		CD6B0819228D1BC800324EC8 /* GameViewController.swift in Sources */ = {isa = PBXBuildFile; fileRef = CD6B0818228D1BC800324EC8 /* GameViewController.swift */; };
		CD6B081C228D1BC800324EC8 /* Main.storyboard in Resources */ = {isa = PBXBuildFile; fileRef = CD6B081A228D1BC800324EC8 /* Main.storyboard */; };
		CD6B081E228D1BC800324EC8 /* Assets.xcassets in Resources */ = {isa = PBXBuildFile; fileRef = CD6B081D228D1BC800324EC8 /* Assets.xcassets */; };
		CD6B0821228D1BC800324EC8 /* LaunchScreen.storyboard in Resources */ = {isa = PBXBuildFile; fileRef = CD6B081F228D1BC800324EC8 /* LaunchScreen.storyboard */; };
		CD6B082C228D1BC800324EC8 /* Climate_Change_EduTests.swift in Sources */ = {isa = PBXBuildFile; fileRef = CD6B082B228D1BC800324EC8 /* Climate_Change_EduTests.swift */; };
		CD6B0837228D1BC900324EC8 /* Climate_Change_EduUITests.swift in Sources */ = {isa = PBXBuildFile; fileRef = CD6B0836228D1BC900324EC8 /* Climate_Change_EduUITests.swift */; };
/* End PBXBuildFile section */

/* Begin PBXContainerItemProxy section */
		CD6B0828228D1BC800324EC8 /* PBXContainerItemProxy */ = {
			isa = PBXContainerItemProxy;
			containerPortal = CD6B0805228D1BC700324EC8 /* Project object */;
			proxyType = 1;
			remoteGlobalIDString = CD6B080C228D1BC700324EC8;
			remoteInfo = "Climate Change Edu";
		};
		CD6B0833228D1BC900324EC8 /* PBXContainerItemProxy */ = {
			isa = PBXContainerItemProxy;
			containerPortal = CD6B0805228D1BC700324EC8 /* Project object */;
			proxyType = 1;
			remoteGlobalIDString = CD6B080C228D1BC700324EC8;
			remoteInfo = "Climate Change Edu";
		};
/* End PBXContainerItemProxy section */

/* Begin PBXFileReference section */
		CD176E63229653AC00282568 /* GameManager.swift */ = {isa = PBXFileReference; fileEncoding = 4; lastKnownFileType = sourcecode.swift; path = GameManager.swift; sourceTree = "<group>"; };
		CD6B080D228D1BC700324EC8 /* Climate Change Edu.app */ = {isa = PBXFileReference; explicitFileType = wrapper.application; includeInIndex = 0; path = "Climate Change Edu.app"; sourceTree = BUILT_PRODUCTS_DIR; };
		CD6B0810228D1BC800324EC8 /* AppDelegate.swift */ = {isa = PBXFileReference; lastKnownFileType = sourcecode.swift; path = AppDelegate.swift; sourceTree = "<group>"; };
		CD6B0812228D1BC800324EC8 /* GameScene.sks */ = {isa = PBXFileReference; lastKnownFileType = file.sks; path = GameScene.sks; sourceTree = "<group>"; };
		CD6B0816228D1BC800324EC8 /* GameScene.swift */ = {isa = PBXFileReference; lastKnownFileType = sourcecode.swift; path = GameScene.swift; sourceTree = "<group>"; };
		CD6B0818228D1BC800324EC8 /* GameViewController.swift */ = {isa = PBXFileReference; lastKnownFileType = sourcecode.swift; path = GameViewController.swift; sourceTree = "<group>"; };
		CD6B081B228D1BC800324EC8 /* Base */ = {isa = PBXFileReference; lastKnownFileType = file.storyboard; name = Base; path = Base.lproj/Main.storyboard; sourceTree = "<group>"; };
		CD6B081D228D1BC800324EC8 /* Assets.xcassets */ = {isa = PBXFileReference; lastKnownFileType = folder.assetcatalog; path = Assets.xcassets; sourceTree = "<group>"; };
		CD6B0820228D1BC800324EC8 /* Base */ = {isa = PBXFileReference; lastKnownFileType = file.storyboard; name = Base; path = Base.lproj/LaunchScreen.storyboard; sourceTree = "<group>"; };
		CD6B0822228D1BC800324EC8 /* Info.plist */ = {isa = PBXFileReference; lastKnownFileType = text.plist.xml; path = Info.plist; sourceTree = "<group>"; };
		CD6B0827228D1BC800324EC8 /* Climate Change EduTests.xctest */ = {isa = PBXFileReference; explicitFileType = wrapper.cfbundle; includeInIndex = 0; path = "Climate Change EduTests.xctest"; sourceTree = BUILT_PRODUCTS_DIR; };
		CD6B082B228D1BC800324EC8 /* Climate_Change_EduTests.swift */ = {isa = PBXFileReference; lastKnownFileType = sourcecode.swift; path = Climate_Change_EduTests.swift; sourceTree = "<group>"; };
		CD6B082D228D1BC900324EC8 /* Info.plist */ = {isa = PBXFileReference; lastKnownFileType = text.plist.xml; path = Info.plist; sourceTree = "<group>"; };
		CD6B0832228D1BC900324EC8 /* Climate Change EduUITests.xctest */ = {isa = PBXFileReference; explicitFileType = wrapper.cfbundle; includeInIndex = 0; path = "Climate Change EduUITests.xctest"; sourceTree = BUILT_PRODUCTS_DIR; };
		CD6B0836228D1BC900324EC8 /* Climate_Change_EduUITests.swift */ = {isa = PBXFileReference; lastKnownFileType = sourcecode.swift; path = Climate_Change_EduUITests.swift; sourceTree = "<group>"; };
		CD6B0838228D1BC900324EC8 /* Info.plist */ = {isa = PBXFileReference; lastKnownFileType = text.plist.xml; path = Info.plist; sourceTree = "<group>"; };
/* End PBXFileReference section */

/* Begin PBXFrameworksBuildPhase section */
		CD6B080A228D1BC700324EC8 /* Frameworks */ = {
			isa = PBXFrameworksBuildPhase;
			buildActionMask = 2147483647;
			files = (
			);
			runOnlyForDeploymentPostprocessing = 0;
		};
		CD6B0824228D1BC800324EC8 /* Frameworks */ = {
			isa = PBXFrameworksBuildPhase;
			buildActionMask = 2147483647;
			files = (
			);
			runOnlyForDeploymentPostprocessing = 0;
		};
		CD6B082F228D1BC900324EC8 /* Frameworks */ = {
			isa = PBXFrameworksBuildPhase;
			buildActionMask = 2147483647;
			files = (
			);
			runOnlyForDeploymentPostprocessing = 0;
		};
/* End PBXFrameworksBuildPhase section */

/* Begin PBXGroup section */
		CD6B0804228D1BC700324EC8 = {
			isa = PBXGroup;
			children = (
				CD6B080F228D1BC700324EC8 /* Climate Change Edu */,
				CD6B082A228D1BC800324EC8 /* Climate Change EduTests */,
				CD6B0835228D1BC900324EC8 /* Climate Change EduUITests */,
				CD6B080E228D1BC700324EC8 /* Products */,
			);
			sourceTree = "<group>";
		};
		CD6B080E228D1BC700324EC8 /* Products */ = {
			isa = PBXGroup;
			children = (
				CD6B080D228D1BC700324EC8 /* Climate Change Edu.app */,
				CD6B0827228D1BC800324EC8 /* Climate Change EduTests.xctest */,
				CD6B0832228D1BC900324EC8 /* Climate Change EduUITests.xctest */,
			);
			name = Products;
			sourceTree = "<group>";
		};
		CD6B080F228D1BC700324EC8 /* Climate Change Edu */ = {
			isa = PBXGroup;
			children = (
				CD6B0810228D1BC800324EC8 /* AppDelegate.swift */,
				CD6B0812228D1BC800324EC8 /* GameScene.sks */,
				CD6B0816228D1BC800324EC8 /* GameScene.swift */,
				CD6B0818228D1BC800324EC8 /* GameViewController.swift */,
				CD6B081A228D1BC800324EC8 /* Main.storyboard */,
				CD6B081D228D1BC800324EC8 /* Assets.xcassets */,
				CD6B081F228D1BC800324EC8 /* LaunchScreen.storyboard */,
				CD6B0822228D1BC800324EC8 /* Info.plist */,
				CD176E63229653AC00282568 /* GameManager.swift */,
			);
			path = "Climate Change Edu";
			sourceTree = "<group>";
		};
		CD6B082A228D1BC800324EC8 /* Climate Change EduTests */ = {
			isa = PBXGroup;
			children = (
				CD6B082B228D1BC800324EC8 /* Climate_Change_EduTests.swift */,
				CD6B082D228D1BC900324EC8 /* Info.plist */,
			);
			path = "Climate Change EduTests";
			sourceTree = "<group>";
		};
		CD6B0835228D1BC900324EC8 /* Climate Change EduUITests */ = {
			isa = PBXGroup;
			children = (
				CD6B0836228D1BC900324EC8 /* Climate_Change_EduUITests.swift */,
				CD6B0838228D1BC900324EC8 /* Info.plist */,
			);
			path = "Climate Change EduUITests";
			sourceTree = "<group>";
		};
/* End PBXGroup section */

/* Begin PBXNativeTarget section */
		CD6B080C228D1BC700324EC8 /* Climate Change Edu */ = {
			isa = PBXNativeTarget;
			buildConfigurationList = CD6B083B228D1BC900324EC8 /* Build configuration list for PBXNativeTarget "Climate Change Edu" */;
			buildPhases = (
				CD6B0809228D1BC700324EC8 /* Sources */,
				CD6B080A228D1BC700324EC8 /* Frameworks */,
				CD6B080B228D1BC700324EC8 /* Resources */,
			);
			buildRules = (
			);
			dependencies = (
			);
			name = "Climate Change Edu";
			productName = "Climate Change Edu";
			productReference = CD6B080D228D1BC700324EC8 /* Climate Change Edu.app */;
			productType = "com.apple.product-type.application";
		};
		CD6B0826228D1BC800324EC8 /* Climate Change EduTests */ = {
			isa = PBXNativeTarget;
			buildConfigurationList = CD6B083E228D1BC900324EC8 /* Build configuration list for PBXNativeTarget "Climate Change EduTests" */;
			buildPhases = (
				CD6B0823228D1BC800324EC8 /* Sources */,
				CD6B0824228D1BC800324EC8 /* Frameworks */,
				CD6B0825228D1BC800324EC8 /* Resources */,
			);
			buildRules = (
			);
			dependencies = (
				CD6B0829228D1BC800324EC8 /* PBXTargetDependency */,
			);
			name = "Climate Change EduTests";
			productName = "Climate Change EduTests";
			productReference = CD6B0827228D1BC800324EC8 /* Climate Change EduTests.xctest */;
			productType = "com.apple.product-type.bundle.unit-test";
		};
		CD6B0831228D1BC900324EC8 /* Climate Change EduUITests */ = {
			isa = PBXNativeTarget;
			buildConfigurationList = CD6B0841228D1BC900324EC8 /* Build configuration list for PBXNativeTarget "Climate Change EduUITests" */;
			buildPhases = (
				CD6B082E228D1BC900324EC8 /* Sources */,
				CD6B082F228D1BC900324EC8 /* Frameworks */,
				CD6B0830228D1BC900324EC8 /* Resources */,
			);
			buildRules = (
			);
			dependencies = (
				CD6B0834228D1BC900324EC8 /* PBXTargetDependency */,
			);
			name = "Climate Change EduUITests";
			productName = "Climate Change EduUITests";
			productReference = CD6B0832228D1BC900324EC8 /* Climate Change EduUITests.xctest */;
			productType = "com.apple.product-type.bundle.ui-testing";
		};
/* End PBXNativeTarget section */

/* Begin PBXProject section */
		CD6B0805228D1BC700324EC8 /* Project object */ = {
			isa = PBXProject;
			attributes = {
				LastSwiftUpdateCheck = 0820;
				LastUpgradeCheck = 0820;
				ORGANIZATIONNAME = "Patrick Moore";
				TargetAttributes = {
					CD6B080C228D1BC700324EC8 = {
						CreatedOnToolsVersion = 8.2.1;
						ProvisioningStyle = Automatic;
					};
					CD6B0826228D1BC800324EC8 = {
						CreatedOnToolsVersion = 8.2.1;
						ProvisioningStyle = Automatic;
						TestTargetID = CD6B080C228D1BC700324EC8;
					};
					CD6B0831228D1BC900324EC8 = {
						CreatedOnToolsVersion = 8.2.1;
						ProvisioningStyle = Automatic;
						TestTargetID = CD6B080C228D1BC700324EC8;
					};
				};
			};
			buildConfigurationList = CD6B0808228D1BC700324EC8 /* Build configuration list for PBXProject "Climate Change Edu" */;
			compatibilityVersion = "Xcode 3.2";
			developmentRegion = English;
			hasScannedForEncodings = 0;
			knownRegions = (
				en,
				Base,
			);
			mainGroup = CD6B0804228D1BC700324EC8;
			productRefGroup = CD6B080E228D1BC700324EC8 /* Products */;
			projectDirPath = "";
			projectRoot = "";
			targets = (
				CD6B080C228D1BC700324EC8 /* Climate Change Edu */,
				CD6B0826228D1BC800324EC8 /* Climate Change EduTests */,
				CD6B0831228D1BC900324EC8 /* Climate Change EduUITests */,
			);
		};
/* End PBXProject section */

/* Begin PBXResourcesBuildPhase section */
		CD6B080B228D1BC700324EC8 /* Resources */ = {
			isa = PBXResourcesBuildPhase;
			buildActionMask = 2147483647;
			files = (
				CD6B081C228D1BC800324EC8 /* Main.storyboard in Resources */,
				CD6B0813228D1BC800324EC8 /* GameScene.sks in Resources */,
				CD6B081E228D1BC800324EC8 /* Assets.xcassets in Resources */,
				CD6B0821228D1BC800324EC8 /* LaunchScreen.storyboard in Resources */,
			);
			runOnlyForDeploymentPostprocessing = 0;
		};
		CD6B0825228D1BC800324EC8 /* Resources */ = {
			isa = PBXResourcesBuildPhase;
			buildActionMask = 2147483647;
			files = (
			);
			runOnlyForDeploymentPostprocessing = 0;
		};
		CD6B0830228D1BC900324EC8 /* Resources */ = {
			isa = PBXResourcesBuildPhase;
			buildActionMask = 2147483647;
			files = (
			);
			runOnlyForDeploymentPostprocessing = 0;
		};
/* End PBXResourcesBuildPhase section */

/* Begin PBXSourcesBuildPhase section */
		CD6B0809228D1BC700324EC8 /* Sources */ = {
			isa = PBXSourcesBuildPhase;
			buildActionMask = 2147483647;
			files = (
				CD6B0817228D1BC800324EC8 /* GameScene.swift in Sources */,
				CD176E64229653AC00282568 /* GameManager.swift in Sources */,
				CD6B0819228D1BC800324EC8 /* GameViewController.swift in Sources */,
				CD6B0811228D1BC800324EC8 /* AppDelegate.swift in Sources */,
			);
			runOnlyForDeploymentPostprocessing = 0;
		};
		CD6B0823228D1BC800324EC8 /* Sources */ = {
			isa = PBXSourcesBuildPhase;
			buildActionMask = 2147483647;
			files = (
				CD6B082C228D1BC800324EC8 /* Climate_Change_EduTests.swift in Sources */,
			);
			runOnlyForDeploymentPostprocessing = 0;
		};
		CD6B082E228D1BC900324EC8 /* Sources */ = {
			isa = PBXSourcesBuildPhase;
			buildActionMask = 2147483647;
			files = (
				CD6B0837228D1BC900324EC8 /* Climate_Change_EduUITests.swift in Sources */,
			);
			runOnlyForDeploymentPostprocessing = 0;
		};
/* End PBXSourcesBuildPhase section */

/* Begin PBXTargetDependency section */
		CD6B0829228D1BC800324EC8 /* PBXTargetDependency */ = {
			isa = PBXTargetDependency;
			target = CD6B080C228D1BC700324EC8 /* Climate Change Edu */;
			targetProxy = CD6B0828228D1BC800324EC8 /* PBXContainerItemProxy */;
		};
		CD6B0834228D1BC900324EC8 /* PBXTargetDependency */ = {
			isa = PBXTargetDependency;
			target = CD6B080C228D1BC700324EC8 /* Climate Change Edu */;
			targetProxy = CD6B0833228D1BC900324EC8 /* PBXContainerItemProxy */;
		};
/* End PBXTargetDependency section */

/* Begin PBXVariantGroup section */
		CD6B081A228D1BC800324EC8 /* Main.storyboard */ = {
			isa = PBXVariantGroup;
			children = (
				CD6B081B228D1BC800324EC8 /* Base */,
			);
			name = Main.storyboard;
			sourceTree = "<group>";
		};
		CD6B081F228D1BC800324EC8 /* LaunchScreen.storyboard */ = {
			isa = PBXVariantGroup;
			children = (
				CD6B0820228D1BC800324EC8 /* Base */,
			);
			name = LaunchScreen.storyboard;
			sourceTree = "<group>";
		};
/* End PBXVariantGroup section */

/* Begin XCBuildConfiguration section */
		CD6B0839228D1BC900324EC8 /* Debug */ = {
			isa = XCBuildConfiguration;
			buildSettings = {
				ALWAYS_SEARCH_USER_PATHS = NO;
				CLANG_ANALYZER_NONNULL = YES;
				CLANG_CXX_LANGUAGE_STANDARD = "gnu++0x";
				CLANG_CXX_LIBRARY = "libc++";
				CLANG_ENABLE_MODULES = YES;
				CLANG_ENABLE_OBJC_ARC = YES;
				CLANG_WARN_BOOL_CONVERSION = YES;
				CLANG_WARN_CONSTANT_CONVERSION = YES;
				CLANG_WARN_DIRECT_OBJC_ISA_USAGE = YES_ERROR;
				CLANG_WARN_DOCUMENTATION_COMMENTS = YES;
				CLANG_WARN_EMPTY_BODY = YES;
				CLANG_WARN_ENUM_CONVERSION = YES;
				CLANG_WARN_INFINITE_RECURSION = YES;
				CLANG_WARN_INT_CONVERSION = YES;
				CLANG_WARN_OBJC_ROOT_CLASS = YES_ERROR;
				CLANG_WARN_SUSPICIOUS_MOVE = YES;
				CLANG_WARN_UNREACHABLE_CODE = YES;
				CLANG_WARN__DUPLICATE_METHOD_MATCH = YES;
				"CODE_SIGN_IDENTITY[sdk=iphoneos*]" = "iPhone Developer";
				COPY_PHASE_STRIP = NO;
				DEBUG_INFORMATION_FORMAT = dwarf;
				ENABLE_STRICT_OBJC_MSGSEND = YES;
				ENABLE_TESTABILITY = YES;
				GCC_C_LANGUAGE_STANDARD = gnu99;
				GCC_DYNAMIC_NO_PIC = NO;
				GCC_NO_COMMON_BLOCKS = YES;
				GCC_OPTIMIZATION_LEVEL = 0;
				GCC_PREPROCESSOR_DEFINITIONS = (
					"DEBUG=1",
					"$(inherited)",
				);
				GCC_WARN_64_TO_32_BIT_CONVERSION = YES;
				GCC_WARN_ABOUT_RETURN_TYPE = YES_ERROR;
				GCC_WARN_UNDECLARED_SELECTOR = YES;
				GCC_WARN_UNINITIALIZED_AUTOS = YES_AGGRESSIVE;
				GCC_WARN_UNUSED_FUNCTION = YES;
				GCC_WARN_UNUSED_VARIABLE = YES;
				IPHONEOS_DEPLOYMENT_TARGET = 10.2;
				MTL_ENABLE_DEBUG_INFO = YES;
				ONLY_ACTIVE_ARCH = YES;
				SDKROOT = iphoneos;
				SWIFT_ACTIVE_COMPILATION_CONDITIONS = DEBUG;
				SWIFT_OPTIMIZATION_LEVEL = "-Onone";
				TARGETED_DEVICE_FAMILY = 2;
			};
			name = Debug;
		};
		CD6B083A228D1BC900324EC8 /* Release */ = {
			isa = XCBuildConfiguration;
			buildSettings = {
				ALWAYS_SEARCH_USER_PATHS = NO;
				CLANG_ANALYZER_NONNULL = YES;
				CLANG_CXX_LANGUAGE_STANDARD = "gnu++0x";
				CLANG_CXX_LIBRARY = "libc++";
				CLANG_ENABLE_MODULES = YES;
				CLANG_ENABLE_OBJC_ARC = YES;
				CLANG_WARN_BOOL_CONVERSION = YES;
				CLANG_WARN_CONSTANT_CONVERSION = YES;
				CLANG_WARN_DIRECT_OBJC_ISA_USAGE = YES_ERROR;
				CLANG_WARN_DOCUMENTATION_COMMENTS = YES;
				CLANG_WARN_EMPTY_BODY = YES;
				CLANG_WARN_ENUM_CONVERSION = YES;
				CLANG_WARN_INFINITE_RECURSION = YES;
				CLANG_WARN_INT_CONVERSION = YES;
				CLANG_WARN_OBJC_ROOT_CLASS = YES_ERROR;
				CLANG_WARN_SUSPICIOUS_MOVE = YES;
				CLANG_WARN_UNREACHABLE_CODE = YES;
				CLANG_WARN__DUPLICATE_METHOD_MATCH = YES;
				"CODE_SIGN_IDENTITY[sdk=iphoneos*]" = "iPhone Developer";
				COPY_PHASE_STRIP = NO;
				DEBUG_INFORMATION_FORMAT = "dwarf-with-dsym";
				ENABLE_NS_ASSERTIONS = NO;
				ENABLE_STRICT_OBJC_MSGSEND = YES;
				GCC_C_LANGUAGE_STANDARD = gnu99;
				GCC_NO_COMMON_BLOCKS = YES;
				GCC_WARN_64_TO_32_BIT_CONVERSION = YES;
				GCC_WARN_ABOUT_RETURN_TYPE = YES_ERROR;
				GCC_WARN_UNDECLARED_SELECTOR = YES;
				GCC_WARN_UNINITIALIZED_AUTOS = YES_AGGRESSIVE;
				GCC_WARN_UNUSED_FUNCTION = YES;
				GCC_WARN_UNUSED_VARIABLE = YES;
				IPHONEOS_DEPLOYMENT_TARGET = 10.2;
				MTL_ENABLE_DEBUG_INFO = NO;
				SDKROOT = iphoneos;
				SWIFT_OPTIMIZATION_LEVEL = "-Owholemodule";
				TARGETED_DEVICE_FAMILY = 2;
				VALIDATE_PRODUCT = YES;
			};
			name = Release;
		};
		CD6B083C228D1BC900324EC8 /* Debug */ = {
			isa = XCBuildConfiguration;
			buildSettings = {
				ASSETCATALOG_COMPILER_APPICON_NAME = AppIcon;
				ASSETCATALOG_COMPILER_LAUNCHIMAGE_NAME = LaunchImage;
				INFOPLIST_FILE = "Climate Change Edu/Info.plist";
				IPHONEOS_DEPLOYMENT_TARGET = 10.2;
				LD_RUNPATH_SEARCH_PATHS = "$(inherited) @executable_path/Frameworks";
				PRODUCT_BUNDLE_IDENTIFIER = "SearchingForHopeStudios.Climate-Change-Edu";
				PRODUCT_NAME = "$(TARGET_NAME)";
				SWIFT_VERSION = 3.0;
				TARGETED_DEVICE_FAMILY = "1,2";
			};
			name = Debug;
		};
		CD6B083D228D1BC900324EC8 /* Release */ = {
			isa = XCBuildConfiguration;
			buildSettings = {
				ASSETCATALOG_COMPILER_APPICON_NAME = AppIcon;
				ASSETCATALOG_COMPILER_LAUNCHIMAGE_NAME = LaunchImage;
				INFOPLIST_FILE = "Climate Change Edu/Info.plist";
				IPHONEOS_DEPLOYMENT_TARGET = 10.2;
				LD_RUNPATH_SEARCH_PATHS = "$(inherited) @executable_path/Frameworks";
				PRODUCT_BUNDLE_IDENTIFIER = "SearchingForHopeStudios.Climate-Change-Edu";
				PRODUCT_NAME = "$(TARGET_NAME)";
				SWIFT_VERSION = 3.0;
				TARGETED_DEVICE_FAMILY = "1,2";
			};
			name = Release;
		};
		CD6B083F228D1BC900324EC8 /* Debug */ = {
			isa = XCBuildConfiguration;
			buildSettings = {
				ALWAYS_EMBED_SWIFT_STANDARD_LIBRARIES = YES;
				BUNDLE_LOADER = "$(TEST_HOST)";
				INFOPLIST_FILE = "Climate Change EduTests/Info.plist";
				LD_RUNPATH_SEARCH_PATHS = "$(inherited) @executable_path/Frameworks @loader_path/Frameworks";
				PRODUCT_BUNDLE_IDENTIFIER = "SearchingForHopeStudios.Climate-Change-EduTests";
				PRODUCT_NAME = "$(TARGET_NAME)";
				SWIFT_VERSION = 3.0;
				TEST_HOST = "$(BUILT_PRODUCTS_DIR)/Climate Change Edu.app/Climate Change Edu";
			};
			name = Debug;
		};
		CD6B0840228D1BC900324EC8 /* Release */ = {
			isa = XCBuildConfiguration;
			buildSettings = {
				ALWAYS_EMBED_SWIFT_STANDARD_LIBRARIES = YES;
				BUNDLE_LOADER = "$(TEST_HOST)";
				INFOPLIST_FILE = "Climate Change EduTests/Info.plist";
				LD_RUNPATH_SEARCH_PATHS = "$(inherited) @executable_path/Frameworks @loader_path/Frameworks";
				PRODUCT_BUNDLE_IDENTIFIER = "SearchingForHopeStudios.Climate-Change-EduTests";
				PRODUCT_NAME = "$(TARGET_NAME)";
				SWIFT_VERSION = 3.0;
				TEST_HOST = "$(BUILT_PRODUCTS_DIR)/Climate Change Edu.app/Climate Change Edu";
			};
			name = Release;
		};
		CD6B0842228D1BC900324EC8 /* Debug */ = {
			isa = XCBuildConfiguration;
			buildSettings = {
				ALWAYS_EMBED_SWIFT_STANDARD_LIBRARIES = YES;
				INFOPLIST_FILE = "Climate Change EduUITests/Info.plist";
				LD_RUNPATH_SEARCH_PATHS = "$(inherited) @executable_path/Frameworks @loader_path/Frameworks";
				PRODUCT_BUNDLE_IDENTIFIER = "SearchingForHopeStudios.Climate-Change-EduUITests";
				PRODUCT_NAME = "$(TARGET_NAME)";
				SWIFT_VERSION = 3.0;
				TEST_TARGET_NAME = "Climate Change Edu";
			};
			name = Debug;
		};
		CD6B0843228D1BC900324EC8 /* Release */ = {
			isa = XCBuildConfiguration;
			buildSettings = {
				ALWAYS_EMBED_SWIFT_STANDARD_LIBRARIES = YES;
				INFOPLIST_FILE = "Climate Change EduUITests/Info.plist";
				LD_RUNPATH_SEARCH_PATHS = "$(inherited) @executable_path/Frameworks @loader_path/Frameworks";
				PRODUCT_BUNDLE_IDENTIFIER = "SearchingForHopeStudios.Climate-Change-EduUITests";
				PRODUCT_NAME = "$(TARGET_NAME)";
				SWIFT_VERSION = 3.0;
				TEST_TARGET_NAME = "Climate Change Edu";
			};
			name = Release;
		};
/* End XCBuildConfiguration section */

/* Begin XCConfigurationList section */
		CD6B0808228D1BC700324EC8 /* Build configuration list for PBXProject "Climate Change Edu" */ = {
			isa = XCConfigurationList;
			buildConfigurations = (
				CD6B0839228D1BC900324EC8 /* Debug */,
				CD6B083A228D1BC900324EC8 /* Release */,
			);
			defaultConfigurationIsVisible = 0;
			defaultConfigurationName = Release;
		};
		CD6B083B228D1BC900324EC8 /* Build configuration list for PBXNativeTarget "Climate Change Edu" */ = {
			isa = XCConfigurationList;
			buildConfigurations = (
				CD6B083C228D1BC900324EC8 /* Debug */,
				CD6B083D228D1BC900324EC8 /* Release */,
			);
			defaultConfigurationIsVisible = 0;
			defaultConfigurationName = Release;
		};
		CD6B083E228D1BC900324EC8 /* Build configuration list for PBXNativeTarget "Climate Change EduTests" */ = {
			isa = XCConfigurationList;
			buildConfigurations = (
				CD6B083F228D1BC900324EC8 /* Debug */,
				CD6B0840228D1BC900324EC8 /* Release */,
			);
			defaultConfigurationIsVisible = 0;
			defaultConfigurationName = Release;
		};
		CD6B0841228D1BC900324EC8 /* Build configuration list for PBXNativeTarget "Climate Change EduUITests" */ = {
			isa = XCConfigurationList;
			buildConfigurations = (
				CD6B0842228D1BC900324EC8 /* Debug */,
				CD6B0843228D1BC900324EC8 /* Release */,
			);
			defaultConfigurationIsVisible = 0;
			defaultConfigurationName = Release;
		};
/* End XCConfigurationList section */
	};
	rootObject = CD6B0805228D1BC700324EC8 /* Project object */;
}
